
Microsoft Visual Studio Solution File, Format Version 12.00
# Visual Studio Version 17
VisualStudioVersion = 17.0.31903.59
MinimumVisualStudioVersion = 10.0.40219.1
Project("{2150E333-8FDC-42A3-9474-1A3956D46DE8}") = "BackEnd", "BackEnd", "{0302356D-F910-45E7-90B5-402FABFF9A85}"
EndProject
Project("{2150E333-8FDC-42A3-9474-1A3956D46DE8}") = "FrontEnd", "FrontEnd", "{CB902317-119D-4F6C-924D-EC0ECFA638EE}"
EndProject
Project("{9A19103F-16F7-4668-BE54-9A1E7A4F7556}") = "GeekShopping.Product.Api", "BackEnd\GeekShopping.Api\GeekShopping.Product.Api.csproj", "{9E933A7B-AFF0-48FB-8DD5-2214C4DB1803}"
EndProject
Project("{9A19103F-16F7-4668-BE54-9A1E7A4F7556}") = "GeekShopping.IdentityServer", "BackEnd\GeekShopping.IdentityServer\GeekShopping.IdentityServer.csproj", "{560F840E-FFEA-4451-97D9-D93817B34EF3}"
EndProject
Project("{9A19103F-16F7-4668-BE54-9A1E7A4F7556}") = "GeekShopping.Web", "FrontEnd\GeekShopping.Web\GeekShopping.Web.csproj", "{6E1E6F2B-836B-4228-9D60-4975277485A7}"
EndProject
Project("{9A19103F-16F7-4668-BE54-9A1E7A4F7556}") = "GeekShopping.Cart.Api", "BackEnd\GeekShopping.Cart.Api\GeekShopping.Cart.Api.csproj", "{BDA06E48-4B83-42F7-92B6-114BDA4BF615}"
EndProject
Project("{9A19103F-16F7-4668-BE54-9A1E7A4F7556}") = "GeekShopping.Coupon.Api", "BackEnd\GeekShopping.Coupon.Api\GeekShopping.Coupon.Api.csproj", "{FAE999E0-7FC5-4000-B1EB-EA500F2F2D2A}"
EndProject
Project("{2150E333-8FDC-42A3-9474-1A3956D46DE8}") = "Integration", "Integration", "{ABD56D2E-3B2A-4402-A722-E090F38AC4EC}"
EndProject
Project("{FAE04EC0-301F-11D3-BF4B-00C04F79EFBC}") = "GeekShopping.MessageBus", "Integration\GeekShopping.MessageBus\GeekShopping.MessageBus.csproj", "{1DB89927-1E7F-4F84-A482-B4BA8070E19E}"
EndProject
Global
	GlobalSection(SolutionConfigurationPlatforms) = preSolution
		Debug|Any CPU = Debug|Any CPU
		Release|Any CPU = Release|Any CPU
	EndGlobalSection
	GlobalSection(ProjectConfigurationPlatforms) = postSolution
		{9E933A7B-AFF0-48FB-8DD5-2214C4DB1803}.Debug|Any CPU.ActiveCfg = Debug|Any CPU
		{9E933A7B-AFF0-48FB-8DD5-2214C4DB1803}.Debug|Any CPU.Build.0 = Debug|Any CPU
		{9E933A7B-AFF0-48FB-8DD5-2214C4DB1803}.Release|Any CPU.ActiveCfg = Release|Any CPU
		{9E933A7B-AFF0-48FB-8DD5-2214C4DB1803}.Release|Any CPU.Build.0 = Release|Any CPU
		{560F840E-FFEA-4451-97D9-D93817B34EF3}.Debug|Any CPU.ActiveCfg = Debug|Any CPU
		{560F840E-FFEA-4451-97D9-D93817B34EF3}.Debug|Any CPU.Build.0 = Debug|Any CPU
		{560F840E-FFEA-4451-97D9-D93817B34EF3}.Release|Any CPU.ActiveCfg = Release|Any CPU
		{560F840E-FFEA-4451-97D9-D93817B34EF3}.Release|Any CPU.Build.0 = Release|Any CPU
		{6E1E6F2B-836B-4228-9D60-4975277485A7}.Debug|Any CPU.ActiveCfg = Debug|Any CPU
		{6E1E6F2B-836B-4228-9D60-4975277485A7}.Debug|Any CPU.Build.0 = Debug|Any CPU
		{6E1E6F2B-836B-4228-9D60-4975277485A7}.Release|Any CPU.ActiveCfg = Release|Any CPU
		{6E1E6F2B-836B-4228-9D60-4975277485A7}.Release|Any CPU.Build.0 = Release|Any CPU
		{BDA06E48-4B83-42F7-92B6-114BDA4BF615}.Debug|Any CPU.ActiveCfg = Debug|Any CPU
		{BDA06E48-4B83-42F7-92B6-114BDA4BF615}.Debug|Any CPU.Build.0 = Debug|Any CPU
		{BDA06E48-4B83-42F7-92B6-114BDA4BF615}.Release|Any CPU.ActiveCfg = Release|Any CPU
		{BDA06E48-4B83-42F7-92B6-114BDA4BF615}.Release|Any CPU.Build.0 = Release|Any CPU
		{FAE999E0-7FC5-4000-B1EB-EA500F2F2D2A}.Debug|Any CPU.ActiveCfg = Debug|Any CPU
		{FAE999E0-7FC5-4000-B1EB-EA500F2F2D2A}.Debug|Any CPU.Build.0 = Debug|Any CPU
		{FAE999E0-7FC5-4000-B1EB-EA500F2F2D2A}.Release|Any CPU.ActiveCfg = Release|Any CPU
		{FAE999E0-7FC5-4000-B1EB-EA500F2F2D2A}.Release|Any CPU.Build.0 = Release|Any CPU
		{1DB89927-1E7F-4F84-A482-B4BA8070E19E}.Debug|Any CPU.ActiveCfg = Debug|Any CPU
		{1DB89927-1E7F-4F84-A482-B4BA8070E19E}.Debug|Any CPU.Build.0 = Debug|Any CPU
		{1DB89927-1E7F-4F84-A482-B4BA8070E19E}.Release|Any CPU.ActiveCfg = Release|Any CPU
		{1DB89927-1E7F-4F84-A482-B4BA8070E19E}.Release|Any CPU.Build.0 = Release|Any CPU
	EndGlobalSection
	GlobalSection(SolutionProperties) = preSolution
		HideSolutionNode = FALSE
	EndGlobalSection
	GlobalSection(NestedProjects) = preSolution
		{9E933A7B-AFF0-48FB-8DD5-2214C4DB1803} = {0302356D-F910-45E7-90B5-402FABFF9A85}
		{560F840E-FFEA-4451-97D9-D93817B34EF3} = {0302356D-F910-45E7-90B5-402FABFF9A85}
		{6E1E6F2B-836B-4228-9D60-4975277485A7} = {CB902317-119D-4F6C-924D-EC0ECFA638EE}
		{BDA06E48-4B83-42F7-92B6-114BDA4BF615} = {0302356D-F910-45E7-90B5-402FABFF9A85}
		{FAE999E0-7FC5-4000-B1EB-EA500F2F2D2A} = {0302356D-F910-45E7-90B5-402FABFF9A85}
		{1DB89927-1E7F-4F84-A482-B4BA8070E19E} = {ABD56D2E-3B2A-4402-A722-E090F38AC4EC}
	EndGlobalSection
	GlobalSection(ExtensibilityGlobals) = postSolution
		SolutionGuid = {4ECC4D63-518F-47E9-A24A-55B936EC2621}
	EndGlobalSection
EndGlobal
